
Microsoft Visual Studio Solution File, Format Version 12.00
# Visual Studio Version 16
VisualStudioVersion = 16.0.30413.136
MinimumVisualStudioVersion = 10.0.40219.1
Project("{2150E333-8FDC-42A3-9474-1A3956D46DE8}") = "API", "API", "{3D04444D-3593-4EC2-A122-D7B0C5E2E968}"
EndProject
Project("{2150E333-8FDC-42A3-9474-1A3956D46DE8}") = "Mobile", "Mobile", "{E4A2135C-9210-4DEE-8BB3-79B57B3043F9}"
EndProject
Project("{FAE04EC0-301F-11D3-BF4B-00C04F79EFBC}") = "MyHarvestApi.Repository", "MyHarvestApi.Repository\MyHarvestApi.Repository.csproj", "{279C8DC2-251D-444A-8B08-8B5A9DF94264}"
EndProject
Project("{FAE04EC0-301F-11D3-BF4B-00C04F79EFBC}") = "MyHarvestApi.Service", "MyHarvestApi.Service\MyHarvestApi.Service.csproj", "{00FAB126-E523-4F14-A1F9-BBB11D7BB015}"
EndProject
Project("{FAE04EC0-301F-11D3-BF4B-00C04F79EFBC}") = "MyHarvestApi.Entity", "MyHarvestApi.Entity\MyHarvestApi.Entity.csproj", "{53BDFFDE-061B-4470-A39B-631B4675B1BC}"
EndProject
Project("{9A19103F-16F7-4668-BE54-9A1E7A4F7556}") = "MyHarvestApi.Api", "MyHarvestApi.Api\MyHarvestApi.Api.csproj", "{A81187A2-0DD0-436E-80FC-73918002E0B1}"
EndProject
Project("{2150E333-8FDC-42A3-9474-1A3956D46DE8}") = "app", "app", "{94D41225-AACD-42BC-A9CC-18DC57FE413E}"
EndProject
Project("{FAE04EC0-301F-11D3-BF4B-00C04F79EFBC}") = "MyHarvest.Android", "MyHarvest\MyHarvest.Android\MyHarvest.Android.csproj", "{3B2068AB-CE20-4FBB-9AD3-FF61F2535E7D}"
EndProject
Project("{9A19103F-16F7-4668-BE54-9A1E7A4F7556}") = "MyHarvest", "MyHarvest\MyHarvest\MyHarvest.csproj", "{0572A747-4CB9-4AFB-BCBD-545BFBFCB530}"
EndProject
Global
	GlobalSection(SolutionConfigurationPlatforms) = preSolution
		Debug|Any CPU = Debug|Any CPU
		Release|Any CPU = Release|Any CPU
	EndGlobalSection
	GlobalSection(ProjectConfigurationPlatforms) = postSolution
		{279C8DC2-251D-444A-8B08-8B5A9DF94264}.Debug|Any CPU.ActiveCfg = Debug|Any CPU
		{279C8DC2-251D-444A-8B08-8B5A9DF94264}.Debug|Any CPU.Build.0 = Debug|Any CPU
		{279C8DC2-251D-444A-8B08-8B5A9DF94264}.Release|Any CPU.ActiveCfg = Release|Any CPU
		{279C8DC2-251D-444A-8B08-8B5A9DF94264}.Release|Any CPU.Build.0 = Release|Any CPU
		{00FAB126-E523-4F14-A1F9-BBB11D7BB015}.Debug|Any CPU.ActiveCfg = Debug|Any CPU
		{00FAB126-E523-4F14-A1F9-BBB11D7BB015}.Debug|Any CPU.Build.0 = Debug|Any CPU
		{00FAB126-E523-4F14-A1F9-BBB11D7BB015}.Release|Any CPU.ActiveCfg = Release|Any CPU
		{00FAB126-E523-4F14-A1F9-BBB11D7BB015}.Release|Any CPU.Build.0 = Release|Any CPU
		{53BDFFDE-061B-4470-A39B-631B4675B1BC}.Debug|Any CPU.ActiveCfg = Debug|Any CPU
		{53BDFFDE-061B-4470-A39B-631B4675B1BC}.Debug|Any CPU.Build.0 = Debug|Any CPU
		{53BDFFDE-061B-4470-A39B-631B4675B1BC}.Release|Any CPU.ActiveCfg = Release|Any CPU
		{53BDFFDE-061B-4470-A39B-631B4675B1BC}.Release|Any CPU.Build.0 = Release|Any CPU
		{A81187A2-0DD0-436E-80FC-73918002E0B1}.Debug|Any CPU.ActiveCfg = Debug|Any CPU
		{A81187A2-0DD0-436E-80FC-73918002E0B1}.Debug|Any CPU.Build.0 = Debug|Any CPU
		{A81187A2-0DD0-436E-80FC-73918002E0B1}.Release|Any CPU.ActiveCfg = Release|Any CPU
		{A81187A2-0DD0-436E-80FC-73918002E0B1}.Release|Any CPU.Build.0 = Release|Any CPU
		{3B2068AB-CE20-4FBB-9AD3-FF61F2535E7D}.Debug|Any CPU.ActiveCfg = Debug|Any CPU
		{3B2068AB-CE20-4FBB-9AD3-FF61F2535E7D}.Debug|Any CPU.Build.0 = Debug|Any CPU
		{3B2068AB-CE20-4FBB-9AD3-FF61F2535E7D}.Debug|Any CPU.Deploy.0 = Debug|Any CPU
		{3B2068AB-CE20-4FBB-9AD3-FF61F2535E7D}.Release|Any CPU.ActiveCfg = Release|Any CPU
		{3B2068AB-CE20-4FBB-9AD3-FF61F2535E7D}.Release|Any CPU.Build.0 = Release|Any CPU
		{3B2068AB-CE20-4FBB-9AD3-FF61F2535E7D}.Release|Any CPU.Deploy.0 = Release|Any CPU
		{0572A747-4CB9-4AFB-BCBD-545BFBFCB530}.Debug|Any CPU.ActiveCfg = Debug|Any CPU
		{0572A747-4CB9-4AFB-BCBD-545BFBFCB530}.Debug|Any CPU.Build.0 = Debug|Any CPU
		{0572A747-4CB9-4AFB-BCBD-545BFBFCB530}.Release|Any CPU.ActiveCfg = Release|Any CPU
		{0572A747-4CB9-4AFB-BCBD-545BFBFCB530}.Release|Any CPU.Build.0 = Release|Any CPU
	EndGlobalSection
	GlobalSection(SolutionProperties) = preSolution
		HideSolutionNode = FALSE
	EndGlobalSection
	GlobalSection(NestedProjects) = preSolution
		{279C8DC2-251D-444A-8B08-8B5A9DF94264} = {3D04444D-3593-4EC2-A122-D7B0C5E2E968}
		{00FAB126-E523-4F14-A1F9-BBB11D7BB015} = {3D04444D-3593-4EC2-A122-D7B0C5E2E968}
		{53BDFFDE-061B-4470-A39B-631B4675B1BC} = {3D04444D-3593-4EC2-A122-D7B0C5E2E968}
		{A81187A2-0DD0-436E-80FC-73918002E0B1} = {3D04444D-3593-4EC2-A122-D7B0C5E2E968}
		{94D41225-AACD-42BC-A9CC-18DC57FE413E} = {E4A2135C-9210-4DEE-8BB3-79B57B3043F9}
		{3B2068AB-CE20-4FBB-9AD3-FF61F2535E7D} = {94D41225-AACD-42BC-A9CC-18DC57FE413E}
		{0572A747-4CB9-4AFB-BCBD-545BFBFCB530} = {94D41225-AACD-42BC-A9CC-18DC57FE413E}
	EndGlobalSection
	GlobalSection(ExtensibilityGlobals) = postSolution
		SolutionGuid = {D1B96E50-5811-42D8-BFE3-1085A54A1DA3}
	EndGlobalSection
EndGlobal
